<?xml version="1.0" encoding="utf-8"?>
<Project ToolsVersion="4.0" xmlns="http://schemas.microsoft.com/developer/msbuild/2003">
  <ItemGroup>
    <Filter Include="Файлы исходного кода">
      <UniqueIdentifier>{4FC737F1-C7A5-4376-A066-2A32D752A2FF}</UniqueIdentifier>
      <Extensions>cpp;c;cc;cxx;def;odl;idl;hpj;bat;asm;asmx</Extensions>
    </Filter>
    <Filter Include="Заголовочные файлы">
      <UniqueIdentifier>{93995380-89BD-4b04-88EB-625FBE52EBFB}</UniqueIdentifier>
      <Extensions>h;hh;hpp;hxx;hm;inl;inc;xsd</Extensions>
    </Filter>
    <Filter Include="Файлы ресурсов">
      <UniqueIdentifier>{67DA6AB6-F800-4c08-8B7A-83BB121AAD01}</UniqueIdentifier>
      <Extensions>rc;ico;cur;bmp;dlg;rc2;rct;bin;rgs;gif;jpg;jpeg;jpe;resx;tiff;tif;png;wav;mfcribbon-ms</Extensions>
    </Filter>
    <Filter Include="Заголовочные файлы\lib">
      <UniqueIdentifier>{ec608bb6-3c7d-4386-bc55-48f539111ca6}</UniqueIdentifier>
    </Filter>
    <Filter Include="Заголовочные файлы\lib\math">
      <UniqueIdentifier>{7aac08d3-8c28-4abb-8fd3-8073dd6af6d7}</UniqueIdentifier>
    </Filter>
    <Filter Include="Файлы исходного кода\lib">
      <UniqueIdentifier>{84512a27-101a-40d4-bb85-2ac2bd5a0314}</UniqueIdentifier>
    </Filter>
    <Filter Include="Заголовочные файлы\lib\UI">
      <UniqueIdentifier>{c8fa58b6-403d-46d4-b788-15bff1abf3bd}</UniqueIdentifier>
    </Filter>
    <Filter Include="Файлы исходного кода\lib\UI">
      <UniqueIdentifier>{3561f286-08bd-4fb5-a67a-78abcaca6225}</UniqueIdentifier>
    </Filter>
    <Filter Include="Заголовочные файлы\src">
      <UniqueIdentifier>{40465532-908a-4bd9-b2f5-cde8864d2808}</UniqueIdentifier>
    </Filter>
    <Filter Include="Файлы исходного кода\src">
      <UniqueIdentifier>{d8e9de8d-b7a2-4815-948d-e0fa3e6198f3}</UniqueIdentifier>
    </Filter>
  </ItemGroup>
  <ItemGroup>
    <ClCompile Include="main.cpp">
      <Filter>Файлы исходного кода</Filter>
    </ClCompile>
    <ClCompile Include="lib\uiglColor.cpp">
      <Filter>Файлы исходного кода\lib</Filter>
    </ClCompile>
    <ClCompile Include="lib\uiglFunc.cpp">
      <Filter>Файлы исходного кода\lib</Filter>
    </ClCompile>
    <ClCompile Include="lib\uiglText.cpp">
      <Filter>Файлы исходного кода\lib</Filter>
    </ClCompile>
    <ClCompile Include="lib\uiglPosition.cpp">
      <Filter>Файлы исходного кода\lib</Filter>
    </ClCompile>
    <ClCompile Include="lib\uiglSize.cpp">
      <Filter>Файлы исходного кода\lib</Filter>
    </ClCompile>
    <ClCompile Include="lib\uiglForm.cpp">
      <Filter>Файлы исходного кода\lib</Filter>
    </ClCompile>
    <ClCompile Include="lib\uiglMainForm.cpp">
      <Filter>Файлы исходного кода\lib</Filter>
    </ClCompile>
    <ClCompile Include="lib\UI\uiglRoundrect.cpp">
      <Filter>Файлы исходного кода\lib\UI</Filter>
    </ClCompile>
    <ClCompile Include="lib\UI\uiglCircle.cpp">
      <Filter>Файлы исходного кода\lib\UI</Filter>
    </ClCompile>
    <ClCompile Include="lib\UI\uiglRectangle.cpp">
      <Filter>Файлы исходного кода\lib\UI</Filter>
    </ClCompile>
    <ClCompile Include="lib\UI\uiglSkrollbar.cpp">
      <Filter>Файлы исходного кода\lib\UI</Filter>
    </ClCompile>
    <ClCompile Include="lib\UI\uiglCheckbox.cpp">
      <Filter>Файлы исходного кода\lib\UI</Filter>
    </ClCompile>
    <ClCompile Include="lib\UI\uiglTextbox.cpp">
      <Filter>Файлы исходного кода\lib\UI</Filter>
    </ClCompile>
    <ClCompile Include="lib\UI\uiglProgressbar.cpp">
      <Filter>Файлы исходного кода\lib\UI</Filter>
    </ClCompile>
    <ClCompile Include="lib\UI\uiglCombobox.cpp">
      <Filter>Файлы исходного кода\lib\UI</Filter>
    </ClCompile>
    <ClCompile Include="lib\UI\uiglListbox.cpp">
      <Filter>Файлы исходного кода\lib\UI</Filter>
    </ClCompile>
    <ClCompile Include="lib\UI\uiglNumericupdown.cpp">
      <Filter>Файлы исходного кода\lib\UI</Filter>
    </ClCompile>
    <ClCompile Include="lib\Config.cpp">
      <Filter>Файлы исходного кода\lib\UI</Filter>
    </ClCompile>
    <ClCompile Include="lib\UI\uiglPicture.cpp">
      <Filter>Файлы исходного кода\lib\UI</Filter>
    </ClCompile>
    <ClCompile Include="lib\UI\uiglColDialog.cpp">
      <Filter>Файлы исходного кода\lib\UI</Filter>
    </ClCompile>
    <ClCompile Include="lib\UI\uiglPhysics.cpp">
      <Filter>Файлы исходного кода\lib\UI</Filter>
    </ClCompile>
    <ClCompile Include="lib\UI\uiglMessageBox.cpp">
      <Filter>Файлы исходного кода\lib\UI</Filter>
    </ClCompile>
    <ClCompile Include="src\Sentence.cpp">
      <Filter>Файлы исходного кода\src</Filter>
    </ClCompile>
    <ClCompile Include="src\textbox.cpp">
      <Filter>Файлы исходного кода\src</Filter>
    </ClCompile>
    <ClCompile Include="src\numbox.cpp">
      <Filter>Файлы исходного кода\src</Filter>
    </ClCompile>
    <ClCompile Include="src\doubleListbox.cpp">
      <Filter>Файлы исходного кода\src</Filter>
    </ClCompile>
    <ClCompile Include="src\WordObj.cpp">
      <Filter>Файлы исходного кода\src</Filter>
    </ClCompile>
    <ClCompile Include="src\readFromFile.cpp">
      <Filter>Файлы исходного кода\src</Filter>
    </ClCompile>
    <ClCompile Include="FormTranslate.cpp">
      <Filter>Файлы исходного кода</Filter>
    </ClCompile>
  </ItemGroup>
  <ItemGroup>
    <ClInclude Include="resource.h">
      <Filter>Заголовочные файлы</Filter>
    </ClInclude>
    <ClInclude Include="lib\uigl.h">
      <Filter>Заголовочные файлы\lib</Filter>
    </ClInclude>
    <ClInclude Include="lib\uiglColor.h">
      <Filter>Заголовочные файлы\lib</Filter>
    </ClInclude>
    <ClInclude Include="lib\math\Vector2.h">
      <Filter>Заголовочные файлы\lib\math</Filter>
    </ClInclude>
    <ClInclude Include="lib\math\Vector3.h">
      <Filter>Заголовочные файлы\lib\math</Filter>
    </ClInclude>
    <ClInclude Include="lib\uiglFunc.h">
      <Filter>Заголовочные файлы\lib</Filter>
    </ClInclude>
    <ClInclude Include="lib\uiglText.h">
      <Filter>Заголовочные файлы\lib</Filter>
    </ClInclude>
    <ClInclude Include="lib\freeuigl.h">
      <Filter>Заголовочные файлы\lib</Filter>
    </ClInclude>
    <ClInclude Include="lib\uiglPosition.h">
      <Filter>Заголовочные файлы\lib</Filter>
    </ClInclude>
    <ClInclude Include="lib\uiglSize.h">
      <Filter>Заголовочные файлы\lib</Filter>
    </ClInclude>
    <ClInclude Include="lib\uiglobj.h">
      <Filter>Заголовочные файлы\lib</Filter>
    </ClInclude>
    <ClInclude Include="lib\uiglForm.h">
      <Filter>Заголовочные файлы\lib</Filter>
    </ClInclude>
    <ClInclude Include="lib\uiglMainForm.h">
      <Filter>Заголовочные файлы\lib</Filter>
    </ClInclude>
    <ClInclude Include="lib\UI\uiglRoundrect.h">
      <Filter>Заголовочные файлы\lib\UI</Filter>
    </ClInclude>
    <ClInclude Include="lib\UI\uiglCircle.h">
      <Filter>Заголовочные файлы\lib\UI</Filter>
    </ClInclude>
    <ClInclude Include="lib\uiglIForms.h">
      <Filter>Заголовочные файлы\lib</Filter>
    </ClInclude>
    <ClInclude Include="lib\UI\uiglRectangle.h">
      <Filter>Заголовочные файлы\lib\UI</Filter>
    </ClInclude>
    <ClInclude Include="lib\UI\uiglSkrollbar.h">
      <Filter>Заголовочные файлы\lib\UI</Filter>
    </ClInclude>
    <ClInclude Include="lib\UI\uiglCheckbox.h">
      <Filter>Заголовочные файлы\lib\UI</Filter>
    </ClInclude>
    <ClInclude Include="lib\UI\uiglTextbox.h">
      <Filter>Заголовочные файлы\lib\UI</Filter>
    </ClInclude>
    <ClInclude Include="lib\UI\uiglProgressbar.h">
      <Filter>Заголовочные файлы\lib\UI</Filter>
    </ClInclude>
    <ClInclude Include="lib\UI\uiglCombobox.h">
      <Filter>Заголовочные файлы\lib\UI</Filter>
    </ClInclude>
    <ClInclude Include="lib\UI\uiglListbox.h">
      <Filter>Заголовочные файлы\lib\UI</Filter>
    </ClInclude>
    <ClInclude Include="lib\UI\uiglNumericupdown.h">
      <Filter>Заголовочные файлы\lib\UI</Filter>
    </ClInclude>
    <ClInclude Include="lib\Config.h">
      <Filter>Заголовочные файлы\lib\UI</Filter>
    </ClInclude>
    <ClInclude Include="lib\UI\uiglPicture.h">
      <Filter>Заголовочные файлы\lib\UI</Filter>
    </ClInclude>
    <ClInclude Include="lib\UI\uiglPhysics.h">
      <Filter>Заголовочные файлы\lib\UI</Filter>
    </ClInclude>
    <ClInclude Include="lib\UI\uiglMessageBox.h">
      <Filter>Заголовочные файлы\lib\UI</Filter>
    </ClInclude>
    <ClInclude Include="lib\UI\uiglColDialog.h">
      <Filter>Заголовочные файлы\lib\UI</Filter>
    </ClInclude>
    <ClInclude Include="src\Sentence.h">
      <Filter>Заголовочные файлы\src</Filter>
    </ClInclude>
    <ClInclude Include="src\textbox.h">
      <Filter>Заголовочные файлы\src</Filter>
    </ClInclude>
    <ClInclude Include="src\numbox.h">
      <Filter>Заголовочные файлы\src</Filter>
    </ClInclude>
    <ClInclude Include="src\doubleListbox.h">
      <Filter>Заголовочные файлы\src</Filter>
    </ClInclude>
    <ClInclude Include="src\WordObj.h">
      <Filter>Заголовочные файлы\src</Filter>
    </ClInclude>
    <ClInclude Include="src\Panel.h">
      <Filter>Заголовочные файлы\src</Filter>
    </ClInclude>
    <ClInclude Include="src\readFromFile.h">
      <Filter>Заголовочные файлы\src</Filter>
    </ClInclude>
    <ClInclude Include="FormTranslate.h">
      <Filter>Заголовочные файлы</Filter>
    </ClInclude>
    <ClInclude Include="SerringsStruct.h">
      <Filter>Заголовочные файлы</Filter>
    </ClInclude>
  </ItemGroup>
  <ItemGroup>
    <ResourceCompile Include="Resource.rc">
      <Filter>Файлы ресурсов</Filter>
    </ResourceCompile>
  </ItemGroup>
  <ItemGroup>
    <Image Include="tradslate_icon.ico">
      <Filter>Файлы ресурсов</Filter>
    </Image>
  </ItemGroup>
</Project>